
Microsoft Visual Studio Solution File, Format Version 12.00
# Visual Studio Version 17
VisualStudioVersion = 17.5.33414.496
MinimumVisualStudioVersion = 10.0.40219.1
Project("{FAE04EC0-301F-11D3-BF4B-00C04F79EFBC}") = "rpg", "rpg.csproj", "{4F6F6FCE-5DE6-4285-832A-D4991615DAFA}"
EndProject
Global
	GlobalSection(SolutionConfigurationPlatforms) = preSolution
		Debug|Any CPU = Debug|Any CPU
		Release|Any CPU = Release|Any CPU
	EndGlobalSection
	GlobalSection(ProjectConfigurationPlatforms) = postSolution
		{4F6F6FCE-5DE6-4285-832A-D4991615DAFA}.Debug|Any CPU.ActiveCfg = Debug|Any CPU
		{4F6F6FCE-5DE6-4285-832A-D4991615DAFA}.Debug|Any CPU.Build.0 = Debug|Any CPU
		{4F6F6FCE-5DE6-4285-832A-D4991615DAFA}.Release|Any CPU.ActiveCfg = Release|Any CPU
		{4F6F6FCE-5DE6-4285-832A-D4991615DAFA}.Release|Any CPU.Build.0 = Release|Any CPU
	EndGlobalSection
	GlobalSection(SolutionProperties) = preSolution
		HideSolutionNode = FALSE
	EndGlobalSection
	GlobalSection(ExtensibilityGlobals) = postSolution
		SolutionGuid = {8343CDAB-0B3B-4698-9356-A4628A97F639}
	EndGlobalSection
EndGlobal
